<?xml version="1.0" encoding="UTF-8" standalone="yes" ?>
<CodeBlocks_project_file>
	<FileVersion major="1" minor="6" />
	<Project>
		<Option title="BabelConstructor" />
		<Option pch_mode="2" />
		<Option compiler="gcc" />
		<Build>
			<Target title="Debug">
				<Option output="bin/Debug/BabelConstructor" prefix_auto="1" extension_auto="1" />
				<Option working_dir="bin/Debug" />
				<Option object_output="obj/Debug/" />
				<Option type="1" />
				<Option compiler="gcc" />
				<Compiler>
					<Add option="-g" />
				</Compiler>
			</Target>
			<Target title="Release">
				<Option output="bin/Release/BabelConstructor" prefix_auto="1" extension_auto="1" />
				<Option working_dir="bin/Release" />
				<Option object_output="obj/Release/" />
				<Option type="1" />
				<Option compiler="gcc" />
				<Compiler>
					<Add option="-O2" />
				</Compiler>
				<Linker>
					<Add option="-s" />
				</Linker>
			</Target>
		</Build>
		<Compiler>
			<Add option="-Wall" />
			<Add directory="../ExternLibrairie/Box2D_v2.1.2/Box2D" />
			<Add directory="../ExternLibrairie/SFML-1.6/include" />
			<Add directory="../ExternLibrairie/tinyxml" />
		</Compiler>
		<Linker>
			<Add option="-lsfml-graphics" />
			<Add option="-lsfml-window" />
			<Add option="-lsfml-system" />
			<Add library="../ExternLibrairie/Box2D_v2.1.2/Box2D/Build/Box2D/libBox2D.a" />
			<Add directory="../ExternLibrairie/Box2D_v2.1.2/Box2D/Build" />
			<Add directory="../ExternLibrairie/SFML-1.6/lib" />
		</Linker>
		<Unit filename="Element/Circle.cpp" />
		<Unit filename="Element/Circle.h" />
		<Unit filename="Element/Element.cpp" />
		<Unit filename="Element/Element.h" />
		<Unit filename="Element/ElementFactory.cpp" />
		<Unit filename="Element/ElementFactory.h" />
		<Unit filename="Element/Square.cpp" />
		<Unit filename="Element/Square.h" />
		<Unit filename="Element/Triangle.cpp" />
		<Unit filename="Element/Triangle.h" />
		<Unit filename="GameManager.cpp" />
		<Unit filename="GameManager.h" />
		<Unit filename="Gui/Button.cpp" />
		<Unit filename="Gui/Button.h" />
		<Unit filename="Gui/Gui.cpp" />
		<Unit filename="Gui/Gui.h" />
		<Unit filename="Gui/Image.cpp" />
		<Unit filename="Gui/Image.h" />
		<Unit filename="Gui/Label.cpp" />
		<Unit filename="Gui/Label.h" />
		<Unit filename="Gui/Menu.cpp" />
		<Unit filename="Gui/Menu.h" />
		<Unit filename="Gui/Widget.cpp" />
		<Unit filename="Gui/Widget.h" />
		<Unit filename="GuiManager.cpp" />
		<Unit filename="GuiManager.h" />
		<Unit filename="Map/Map.cpp" />
		<Unit filename="Map/Map.h" />
		<Unit filename="Map/MapManager.cpp" />
		<Unit filename="Map/MapManager.h" />
		<Unit filename="Obstacle/Obstacle.cpp" />
		<Unit filename="Obstacle/Obstacle.h" />
		<Unit filename="Obstacle/ObstacleFactory.cpp" />
		<Unit filename="Obstacle/ObstacleFactory.h" />
		<Unit filename="Obstacle/SquareObstacle.cpp" />
		<Unit filename="Obstacle/SquareObstacle.h" />
		<Unit filename="Utility/Conversion.cpp" />
		<Unit filename="Utility/Conversion.h" />
		<Unit filename="Utility/Logger.cpp" />
		<Unit filename="Utility/Logger.h" />
		<Unit filename="Utility/PausableClock.h" />
		<Unit filename="Utility/RessourceManager.cpp" />
		<Unit filename="Utility/RessourceManager.h" />
		<Unit filename="Utility/ScoreManager.cpp" />
		<Unit filename="Utility/ScoreManager.h" />
		<Unit filename="Utility/Singleton.h" />
		<Unit filename="main.cpp" />
		<Extensions>
			<code_completion />
			<debugger />
		</Extensions>
	</Project>
</CodeBlocks_project_file>
